Microsoft Visual Studio Solution File, Format Version 12.00
# Visual Studio Version 17
VisualStudioVersion = 17.5.2.0
MinimumVisualStudioVersion = 10.0.40219.1
Project("{FAE04EC0-301F-11D3-BF4B-00C04F79EFBC}") = "F1WebApp", "F1WebApp\F1WebApp.csproj", "{D531EFA6-51FF-3CF0-DDAD-FDCDFAE61096}"
EndProject
Global
	GlobalSection(SolutionConfigurationPlatforms) = preSolution
		Debug|Any CPU = Debug|Any CPU
		Release|Any CPU = Release|Any CPU
	EndGlobalSection
	GlobalSection(ProjectConfigurationPlatforms) = postSolution
		{D531EFA6-51FF-3CF0-DDAD-FDCDFAE61096}.Debug|Any CPU.ActiveCfg = Debug|Any CPU
		{D531EFA6-51FF-3CF0-DDAD-FDCDFAE61096}.Debug|Any CPU.Build.0 = Debug|Any CPU
		{D531EFA6-51FF-3CF0-DDAD-FDCDFAE61096}.Release|Any CPU.ActiveCfg = Release|Any CPU
		{D531EFA6-51FF-3CF0-DDAD-FDCDFAE61096}.Release|Any CPU.Build.0 = Release|Any CPU
	EndGlobalSection
	GlobalSection(SolutionProperties) = preSolution
		HideSolutionNode = FALSE
	EndGlobalSection
	GlobalSection(ExtensibilityGlobals) = postSolution
		SolutionGuid = {506B252C-C14E-4356-8D23-04C4FA815650}
	EndGlobalSection
EndGlobal
